// !$*UTF8*$!
{
	archiveVersion = 1;
	classes = {
	};
	objectVersion = 56;
	objects = {

/* Begin PBXBuildFile section */
		3B2763CB2B895EC8002DB24C /* MoviesFeature in Frameworks */ = {isa = PBXBuildFile; productRef = 3B2763CA2B895EC8002DB24C /* MoviesFeature */; };
		3B2764082B8CC946002DB24C /* Routing in Frameworks */ = {isa = PBXBuildFile; productRef = 3B2764072B8CC946002DB24C /* Routing */; };
		3B27640B2B8D196F002DB24C /* Details in Frameworks */ = {isa = PBXBuildFile; productRef = 3B27640A2B8D196F002DB24C /* Details */; };
		3B3FACEA2B8780B100BE59C8 /* MovieDBApp.swift in Sources */ = {isa = PBXBuildFile; fileRef = 3B3FACE92B8780B100BE59C8 /* MovieDBApp.swift */; };
		3B3FACEC2B8780B100BE59C8 /* ContentView.swift in Sources */ = {isa = PBXBuildFile; fileRef = 3B3FACEB2B8780B100BE59C8 /* ContentView.swift */; };
		3B3FACEE2B8780B400BE59C8 /* Assets.xcassets in Resources */ = {isa = PBXBuildFile; fileRef = 3B3FACED2B8780B400BE59C8 /* Assets.xcassets */; };
		3B3FACF12B8780B400BE59C8 /* Preview Assets.xcassets in Resources */ = {isa = PBXBuildFile; fileRef = 3B3FACF02B8780B400BE59C8 /* Preview Assets.xcassets */; };
		3B3FAD002B8780B400BE59C8 /* MovieDBTests.swift in Sources */ = {isa = PBXBuildFile; fileRef = 3B3FACFF2B8780B400BE59C8 /* MovieDBTests.swift */; };
		3B3FAD0A2B8780B400BE59C8 /* MovieDBUITests.swift in Sources */ = {isa = PBXBuildFile; fileRef = 3B3FAD092B8780B400BE59C8 /* MovieDBUITests.swift */; };
		3B3FAD0C2B8780B400BE59C8 /* MovieDBUITestsLaunchTests.swift in Sources */ = {isa = PBXBuildFile; fileRef = 3B3FAD0B2B8780B400BE59C8 /* MovieDBUITestsLaunchTests.swift */; };
		3B881BB22BA7228C00D01052 /* WatchlistFeature in Frameworks */ = {isa = PBXBuildFile; productRef = 3B881BB12BA7228C00D01052 /* WatchlistFeature */; };
		3B9BA9F02B94BEAA00277956 /* SeriesFeature in Frameworks */ = {isa = PBXBuildFile; productRef = 3B9BA9EF2B94BEAA00277956 /* SeriesFeature */; };
		3B9BA9F62B94D5D200277956 /* SearchFeature in Frameworks */ = {isa = PBXBuildFile; productRef = 3B9BA9F52B94D5D200277956 /* SearchFeature */; };
		3BC2D24F2B8FA61C00D2762D /* Utilities in Frameworks */ = {isa = PBXBuildFile; productRef = 3BC2D24E2B8FA61C00D2762D /* Utilities */; };
		3BC2D2552B9277D500D2762D /* Secrets.xcconfig in Resources */ = {isa = PBXBuildFile; fileRef = 3BC2D2542B9277D500D2762D /* Secrets.xcconfig */; };
		3BCD21DD2B88CABE00130BF5 /* Dependencies in Frameworks */ = {isa = PBXBuildFile; productRef = 3BCD21DC2B88CABE00130BF5 /* Dependencies */; };
		3BCD21DF2B88CABE00130BF5 /* Networking in Frameworks */ = {isa = PBXBuildFile; productRef = 3BCD21DE2B88CABE00130BF5 /* Networking */; };
		3BCD21E12B88CABE00130BF5 /* Storage in Frameworks */ = {isa = PBXBuildFile; productRef = 3BCD21E02B88CABE00130BF5 /* Storage */; };
		3BCD21E32B88CABE00130BF5 /* UIComponents in Frameworks */ = {isa = PBXBuildFile; productRef = 3BCD21E22B88CABE00130BF5 /* UIComponents */; };
		3BCD21EB2B88EB0B00130BF5 /* Core in Frameworks */ = {isa = PBXBuildFile; productRef = 3BCD21EA2B88EB0B00130BF5 /* Core */; };
		3BFAB0232B96C39B005849FE /* ViewFactories.swift in Sources */ = {isa = PBXBuildFile; fileRef = 3BFAB0222B96C39B005849FE /* ViewFactories.swift */; };
		3BFAB06E2B9BB394005849FE /* RootNavigationLinkValues.swift in Sources */ = {isa = PBXBuildFile; fileRef = 3BFAB06D2B9BB394005849FE /* RootNavigationLinkValues.swift */; };
		3BFAB1642BA11B62005849FE /* AppDelegate.swift in Sources */ = {isa = PBXBuildFile; fileRef = 3BFAB1632BA11B62005849FE /* AppDelegate.swift */; };
		3BFAB1662BA11B6F005849FE /* SceneDelegate.swift in Sources */ = {isa = PBXBuildFile; fileRef = 3BFAB1652BA11B6F005849FE /* SceneDelegate.swift */; };
/* End PBXBuildFile section */

/* Begin PBXContainerItemProxy section */
		3B3FACFC2B8780B400BE59C8 /* PBXContainerItemProxy */ = {
			isa = PBXContainerItemProxy;
			containerPortal = 3B3FACDE2B8780B100BE59C8 /* Project object */;
			proxyType = 1;
			remoteGlobalIDString = 3B3FACE52B8780B100BE59C8;
			remoteInfo = MovieDB;
		};
		3B3FAD062B8780B400BE59C8 /* PBXContainerItemProxy */ = {
			isa = PBXContainerItemProxy;
			containerPortal = 3B3FACDE2B8780B100BE59C8 /* Project object */;
			proxyType = 1;
			remoteGlobalIDString = 3B3FACE52B8780B100BE59C8;
			remoteInfo = MovieDB;
		};
/* End PBXContainerItemProxy section */

/* Begin PBXFileReference section */
		3B2763C92B895C2A002DB24C /* MoviesFeature */ = {isa = PBXFileReference; lastKnownFileType = wrapper; name = MoviesFeature; path = Modules/MoviesFeature; sourceTree = "<group>"; };
		3B3FACE62B8780B100BE59C8 /* MovieDB.app */ = {isa = PBXFileReference; explicitFileType = wrapper.application; includeInIndex = 0; path = MovieDB.app; sourceTree = BUILT_PRODUCTS_DIR; };
		3B3FACE92B8780B100BE59C8 /* MovieDBApp.swift */ = {isa = PBXFileReference; lastKnownFileType = sourcecode.swift; path = MovieDBApp.swift; sourceTree = "<group>"; };
		3B3FACEB2B8780B100BE59C8 /* ContentView.swift */ = {isa = PBXFileReference; lastKnownFileType = sourcecode.swift; path = ContentView.swift; sourceTree = "<group>"; };
		3B3FACED2B8780B400BE59C8 /* Assets.xcassets */ = {isa = PBXFileReference; lastKnownFileType = folder.assetcatalog; path = Assets.xcassets; sourceTree = "<group>"; };
		3B3FACF02B8780B400BE59C8 /* Preview Assets.xcassets */ = {isa = PBXFileReference; lastKnownFileType = folder.assetcatalog; path = "Preview Assets.xcassets"; sourceTree = "<group>"; };
		3B3FACFB2B8780B400BE59C8 /* MovieDBTests.xctest */ = {isa = PBXFileReference; explicitFileType = wrapper.cfbundle; includeInIndex = 0; path = MovieDBTests.xctest; sourceTree = BUILT_PRODUCTS_DIR; };
		3B3FACFF2B8780B400BE59C8 /* MovieDBTests.swift */ = {isa = PBXFileReference; lastKnownFileType = sourcecode.swift; path = MovieDBTests.swift; sourceTree = "<group>"; };
		3B3FAD052B8780B400BE59C8 /* MovieDBUITests.xctest */ = {isa = PBXFileReference; explicitFileType = wrapper.cfbundle; includeInIndex = 0; path = MovieDBUITests.xctest; sourceTree = BUILT_PRODUCTS_DIR; };
		3B3FAD092B8780B400BE59C8 /* MovieDBUITests.swift */ = {isa = PBXFileReference; lastKnownFileType = sourcecode.swift; path = MovieDBUITests.swift; sourceTree = "<group>"; };
		3B3FAD0B2B8780B400BE59C8 /* MovieDBUITestsLaunchTests.swift */ = {isa = PBXFileReference; lastKnownFileType = sourcecode.swift; path = MovieDBUITestsLaunchTests.swift; sourceTree = "<group>"; };
		3B3FAD262B8792AB00BE59C8 /* Networking */ = {isa = PBXFileReference; lastKnownFileType = wrapper; name = Networking; path = Modules/Networking; sourceTree = "<group>"; };
		3B3FAD272B8793EE00BE59C8 /* UIComponents */ = {isa = PBXFileReference; lastKnownFileType = wrapper; name = UIComponents; path = Modules/UIComponents; sourceTree = "<group>"; };
		3B881BB02BA718F200D01052 /* WatchlistFeature */ = {isa = PBXFileReference; lastKnownFileType = wrapper; name = WatchlistFeature; path = Modules/WatchlistFeature; sourceTree = "<group>"; };
		3B881C282BAB2AD200D01052 /* Details */ = {isa = PBXFileReference; lastKnownFileType = wrapper; name = Details; path = Modules/Details; sourceTree = "<group>"; };
		3B881C292BAB2ADC00D01052 /* Routing */ = {isa = PBXFileReference; lastKnownFileType = wrapper; name = Routing; path = Modules/Routing; sourceTree = "<group>"; };
		3B881C2A2BAB2B2900D01052 /* Reviews */ = {isa = PBXFileReference; lastKnownFileType = wrapper; name = Reviews; path = Modules/Reviews; sourceTree = "<group>"; };
		3B881C2B2BAB2B5200D01052 /* Utilities */ = {isa = PBXFileReference; lastKnownFileType = wrapper; name = Utilities; path = Modules/Utilities; sourceTree = "<group>"; };
		3B9BA9F32B94CAA600277956 /* SeriesFeature */ = {isa = PBXFileReference; lastKnownFileType = wrapper; name = SeriesFeature; path = Modules/SeriesFeature; sourceTree = "<group>"; };
		3B9BA9F42B94D24800277956 /* SearchFeature */ = {isa = PBXFileReference; lastKnownFileType = wrapper; name = SearchFeature; path = Modules/SearchFeature; sourceTree = "<group>"; };
		3BC2D2542B9277D500D2762D /* Secrets.xcconfig */ = {isa = PBXFileReference; lastKnownFileType = text.xcconfig; path = Secrets.xcconfig; sourceTree = "<group>"; };
		3BC2D25A2B928C5900D2762D /* Info.plist */ = {isa = PBXFileReference; lastKnownFileType = text.plist.xml; path = Info.plist; sourceTree = "<group>"; };
		3BCD21D92B8795D000130BF5 /* Storage */ = {isa = PBXFileReference; lastKnownFileType = wrapper; name = Storage; path = Modules/Storage; sourceTree = "<group>"; };
		3BCD21DA2B88CA1600130BF5 /* Dependencies */ = {isa = PBXFileReference; lastKnownFileType = wrapper; name = Dependencies; path = Modules/Dependencies; sourceTree = "<group>"; };
		3BCD21E92B88E89200130BF5 /* Core */ = {isa = PBXFileReference; lastKnownFileType = wrapper; name = Core; path = Modules/Core; sourceTree = "<group>"; };
		3BFAB0222B96C39B005849FE /* ViewFactories.swift */ = {isa = PBXFileReference; lastKnownFileType = sourcecode.swift; path = ViewFactories.swift; sourceTree = "<group>"; };
		3BFAB06D2B9BB394005849FE /* RootNavigationLinkValues.swift */ = {isa = PBXFileReference; lastKnownFileType = sourcecode.swift; path = RootNavigationLinkValues.swift; sourceTree = "<group>"; };
		3BFAB1632BA11B62005849FE /* AppDelegate.swift */ = {isa = PBXFileReference; lastKnownFileType = sourcecode.swift; path = AppDelegate.swift; sourceTree = "<group>"; };
		3BFAB1652BA11B6F005849FE /* SceneDelegate.swift */ = {isa = PBXFileReference; lastKnownFileType = sourcecode.swift; path = SceneDelegate.swift; sourceTree = "<group>"; };
/* End PBXFileReference section */

/* Begin PBXFrameworksBuildPhase section */
		3B3FACE32B8780B100BE59C8 /* Frameworks */ = {
			isa = PBXFrameworksBuildPhase;
			buildActionMask = 2147483647;
			files = (
				3BCD21E32B88CABE00130BF5 /* UIComponents in Frameworks */,
				3BCD21E12B88CABE00130BF5 /* Storage in Frameworks */,
				3BCD21DF2B88CABE00130BF5 /* Networking in Frameworks */,
				3B881BB22BA7228C00D01052 /* WatchlistFeature in Frameworks */,
				3BCD21EB2B88EB0B00130BF5 /* Core in Frameworks */,
				3BCD21DD2B88CABE00130BF5 /* Dependencies in Frameworks */,
				3BC2D24F2B8FA61C00D2762D /* Utilities in Frameworks */,
				3B9BA9F02B94BEAA00277956 /* SeriesFeature in Frameworks */,
				3B2763CB2B895EC8002DB24C /* MoviesFeature in Frameworks */,
				3B27640B2B8D196F002DB24C /* Details in Frameworks */,
				3B2764082B8CC946002DB24C /* Routing in Frameworks */,
				3B9BA9F62B94D5D200277956 /* SearchFeature in Frameworks */,
			);
			runOnlyForDeploymentPostprocessing = 0;
		};
		3B3FACF82B8780B400BE59C8 /* Frameworks */ = {
			isa = PBXFrameworksBuildPhase;
			buildActionMask = 2147483647;
			files = (
			);
			runOnlyForDeploymentPostprocessing = 0;
		};
		3B3FAD022B8780B400BE59C8 /* Frameworks */ = {
			isa = PBXFrameworksBuildPhase;
			buildActionMask = 2147483647;
			files = (
			);
			runOnlyForDeploymentPostprocessing = 0;
		};
/* End PBXFrameworksBuildPhase section */

/* Begin PBXGroup section */
		3B3FACDD2B8780B100BE59C8 = {
			isa = PBXGroup;
			children = (
				3B881C2B2BAB2B5200D01052 /* Utilities */,
				3B881BB02BA718F200D01052 /* WatchlistFeature */,
				3B9BA9F42B94D24800277956 /* SearchFeature */,
				3B9BA9F32B94CAA600277956 /* SeriesFeature */,
				3B881C292BAB2ADC00D01052 /* Routing */,
				3B881C282BAB2AD200D01052 /* Details */,
				3B2763C92B895C2A002DB24C /* MoviesFeature */,
				3BCD21E92B88E89200130BF5 /* Core */,
				3BCD21DA2B88CA1600130BF5 /* Dependencies */,
				3BCD21D92B8795D000130BF5 /* Storage */,
				3B3FAD272B8793EE00BE59C8 /* UIComponents */,
				3B3FAD262B8792AB00BE59C8 /* Networking */,
				3B881C2A2BAB2B2900D01052 /* Reviews */,
				3B3FACE82B8780B100BE59C8 /* MovieDB */,
				3B3FACFE2B8780B400BE59C8 /* MovieDBTests */,
				3B3FAD082B8780B400BE59C8 /* MovieDBUITests */,
				3B3FACE72B8780B100BE59C8 /* Products */,
				3BCD21DB2B88CABE00130BF5 /* Frameworks */,
			);
			sourceTree = "<group>";
		};
		3B3FACE72B8780B100BE59C8 /* Products */ = {
			isa = PBXGroup;
			children = (
				3B3FACE62B8780B100BE59C8 /* MovieDB.app */,
				3B3FACFB2B8780B400BE59C8 /* MovieDBTests.xctest */,
				3B3FAD052B8780B400BE59C8 /* MovieDBUITests.xctest */,
			);
			name = Products;
			sourceTree = "<group>";
		};
		3B3FACE82B8780B100BE59C8 /* MovieDB */ = {
			isa = PBXGroup;
			children = (
				3BC2D25A2B928C5900D2762D /* Info.plist */,
				3BC2D25B2B93792700D2762D /* App */,
				3B3FACE92B8780B100BE59C8 /* MovieDBApp.swift */,
				3B3FACEB2B8780B100BE59C8 /* ContentView.swift */,
				3B3FACEF2B8780B400BE59C8 /* Preview Content */,
			);
			path = MovieDB;
			sourceTree = "<group>";
		};
		3B3FACEF2B8780B400BE59C8 /* Preview Content */ = {
			isa = PBXGroup;
			children = (
				3B3FACF02B8780B400BE59C8 /* Preview Assets.xcassets */,
			);
			path = "Preview Content";
			sourceTree = "<group>";
		};
		3B3FACFE2B8780B400BE59C8 /* MovieDBTests */ = {
			isa = PBXGroup;
			children = (
				3B3FACFF2B8780B400BE59C8 /* MovieDBTests.swift */,
			);
			path = MovieDBTests;
			sourceTree = "<group>";
		};
		3B3FAD082B8780B400BE59C8 /* MovieDBUITests */ = {
			isa = PBXGroup;
			children = (
				3B3FAD092B8780B400BE59C8 /* MovieDBUITests.swift */,
				3B3FAD0B2B8780B400BE59C8 /* MovieDBUITestsLaunchTests.swift */,
			);
			path = MovieDBUITests;
			sourceTree = "<group>";
		};
		3BC2D25B2B93792700D2762D /* App */ = {
			isa = PBXGroup;
			children = (
				3BFAB0212B96C372005849FE /* ViewFactories */,
				3BC2D2542B9277D500D2762D /* Secrets.xcconfig */,
				3B3FACED2B8780B400BE59C8 /* Assets.xcassets */,
				3BFAB1632BA11B62005849FE /* AppDelegate.swift */,
				3BFAB1652BA11B6F005849FE /* SceneDelegate.swift */,
			);
			path = App;
			sourceTree = "<group>";
		};
		3BCD21DB2B88CABE00130BF5 /* Frameworks */ = {
			isa = PBXGroup;
			children = (
			);
			name = Frameworks;
			sourceTree = "<group>";
		};
		3BFAB0212B96C372005849FE /* ViewFactories */ = {
			isa = PBXGroup;
			children = (
				3BFAB0222B96C39B005849FE /* ViewFactories.swift */,
				3BFAB06D2B9BB394005849FE /* RootNavigationLinkValues.swift */,
			);
			path = ViewFactories;
			sourceTree = "<group>";
		};
/* End PBXGroup section */

/* Begin PBXNativeTarget section */
		3B3FACE52B8780B100BE59C8 /* MovieDB */ = {
			isa = PBXNativeTarget;
			buildConfigurationList = 3B3FAD0F2B8780B400BE59C8 /* Build configuration list for PBXNativeTarget "MovieDB" */;
			buildPhases = (
				3B3FACE22B8780B100BE59C8 /* Sources */,
				3B3FACE32B8780B100BE59C8 /* Frameworks */,
				3B3FACE42B8780B100BE59C8 /* Resources */,
			);
			buildRules = (
			);
			dependencies = (
			);
			name = MovieDB;
			packageProductDependencies = (
				3BCD21DC2B88CABE00130BF5 /* Dependencies */,
				3BCD21DE2B88CABE00130BF5 /* Networking */,
				3BCD21E02B88CABE00130BF5 /* Storage */,
				3BCD21E22B88CABE00130BF5 /* UIComponents */,
				3BCD21EA2B88EB0B00130BF5 /* Core */,
				3B2763CA2B895EC8002DB24C /* MoviesFeature */,
				3B2764072B8CC946002DB24C /* Routing */,
				3B27640A2B8D196F002DB24C /* Details */,
				3BC2D24E2B8FA61C00D2762D /* Utilities */,
				3B9BA9EF2B94BEAA00277956 /* SeriesFeature */,
				3B9BA9F52B94D5D200277956 /* SearchFeature */,
				3B881BB12BA7228C00D01052 /* WatchlistFeature */,
			);
			productName = MovieDB;
			productReference = 3B3FACE62B8780B100BE59C8 /* MovieDB.app */;
			productType = "com.apple.product-type.application";
		};
		3B3FACFA2B8780B400BE59C8 /* MovieDBTests */ = {
			isa = PBXNativeTarget;
			buildConfigurationList = 3B3FAD122B8780B400BE59C8 /* Build configuration list for PBXNativeTarget "MovieDBTests" */;
			buildPhases = (
				3B3FACF72B8780B400BE59C8 /* Sources */,
				3B3FACF82B8780B400BE59C8 /* Frameworks */,
				3B3FACF92B8780B400BE59C8 /* Resources */,
			);
			buildRules = (
			);
			dependencies = (
				3B3FACFD2B8780B400BE59C8 /* PBXTargetDependency */,
			);
			name = MovieDBTests;
			productName = MovieDBTests;
			productReference = 3B3FACFB2B8780B400BE59C8 /* MovieDBTests.xctest */;
			productType = "com.apple.product-type.bundle.unit-test";
		};
		3B3FAD042B8780B400BE59C8 /* MovieDBUITests */ = {
			isa = PBXNativeTarget;
			buildConfigurationList = 3B3FAD152B8780B400BE59C8 /* Build configuration list for PBXNativeTarget "MovieDBUITests" */;
			buildPhases = (
				3B3FAD012B8780B400BE59C8 /* Sources */,
				3B3FAD022B8780B400BE59C8 /* Frameworks */,
				3B3FAD032B8780B400BE59C8 /* Resources */,
			);
			buildRules = (
			);
			dependencies = (
				3B3FAD072B8780B400BE59C8 /* PBXTargetDependency */,
			);
			name = MovieDBUITests;
			productName = MovieDBUITests;
			productReference = 3B3FAD052B8780B400BE59C8 /* MovieDBUITests.xctest */;
			productType = "com.apple.product-type.bundle.ui-testing";
		};
/* End PBXNativeTarget section */

/* Begin PBXProject section */
		3B3FACDE2B8780B100BE59C8 /* Project object */ = {
			isa = PBXProject;
			attributes = {
				BuildIndependentTargetsInParallel = 1;
				LastSwiftUpdateCheck = 1520;
				LastUpgradeCheck = 1520;
				TargetAttributes = {
					3B3FACE52B8780B100BE59C8 = {
						CreatedOnToolsVersion = 15.2;
					};
					3B3FACFA2B8780B400BE59C8 = {
						CreatedOnToolsVersion = 15.2;
						TestTargetID = 3B3FACE52B8780B100BE59C8;
					};
					3B3FAD042B8780B400BE59C8 = {
						CreatedOnToolsVersion = 15.2;
						TestTargetID = 3B3FACE52B8780B100BE59C8;
					};
				};
			};
			buildConfigurationList = 3B3FACE12B8780B100BE59C8 /* Build configuration list for PBXProject "MovieDB" */;
			compatibilityVersion = "Xcode 14.0";
			developmentRegion = en;
			hasScannedForEncodings = 0;
			knownRegions = (
				en,
				Base,
			);
			mainGroup = 3B3FACDD2B8780B100BE59C8;
			packageReferences = (
			);
			productRefGroup = 3B3FACE72B8780B100BE59C8 /* Products */;
			projectDirPath = "";
			projectRoot = "";
			targets = (
				3B3FACE52B8780B100BE59C8 /* MovieDB */,
				3B3FACFA2B8780B400BE59C8 /* MovieDBTests */,
				3B3FAD042B8780B400BE59C8 /* MovieDBUITests */,
			);
		};
/* End PBXProject section */

/* Begin PBXResourcesBuildPhase section */
		3B3FACE42B8780B100BE59C8 /* Resources */ = {
			isa = PBXResourcesBuildPhase;
			buildActionMask = 2147483647;
			files = (
				3B3FACF12B8780B400BE59C8 /* Preview Assets.xcassets in Resources */,
				3B3FACEE2B8780B400BE59C8 /* Assets.xcassets in Resources */,
				3BC2D2552B9277D500D2762D /* Secrets.xcconfig in Resources */,
			);
			runOnlyForDeploymentPostprocessing = 0;
		};
		3B3FACF92B8780B400BE59C8 /* Resources */ = {
			isa = PBXResourcesBuildPhase;
			buildActionMask = 2147483647;
			files = (
			);
			runOnlyForDeploymentPostprocessing = 0;
		};
		3B3FAD032B8780B400BE59C8 /* Resources */ = {
			isa = PBXResourcesBuildPhase;
			buildActionMask = 2147483647;
			files = (
			);
			runOnlyForDeploymentPostprocessing = 0;
		};
/* End PBXResourcesBuildPhase section */

/* Begin PBXSourcesBuildPhase section */
		3B3FACE22B8780B100BE59C8 /* Sources */ = {
			isa = PBXSourcesBuildPhase;
			buildActionMask = 2147483647;
			files = (
				3B3FACEC2B8780B100BE59C8 /* ContentView.swift in Sources */,
				3B3FACEA2B8780B100BE59C8 /* MovieDBApp.swift in Sources */,
				3BFAB0232B96C39B005849FE /* ViewFactories.swift in Sources */,
				3BFAB1642BA11B62005849FE /* AppDelegate.swift in Sources */,
				3BFAB06E2B9BB394005849FE /* RootNavigationLinkValues.swift in Sources */,
				3BFAB1662BA11B6F005849FE /* SceneDelegate.swift in Sources */,
			);
			runOnlyForDeploymentPostprocessing = 0;
		};
		3B3FACF72B8780B400BE59C8 /* Sources */ = {
			isa = PBXSourcesBuildPhase;
			buildActionMask = 2147483647;
			files = (
				3B3FAD002B8780B400BE59C8 /* MovieDBTests.swift in Sources */,
			);
			runOnlyForDeploymentPostprocessing = 0;
		};
		3B3FAD012B8780B400BE59C8 /* Sources */ = {
			isa = PBXSourcesBuildPhase;
			buildActionMask = 2147483647;
			files = (
				3B3FAD0A2B8780B400BE59C8 /* MovieDBUITests.swift in Sources */,
				3B3FAD0C2B8780B400BE59C8 /* MovieDBUITestsLaunchTests.swift in Sources */,
			);
			runOnlyForDeploymentPostprocessing = 0;
		};
/* End PBXSourcesBuildPhase section */

/* Begin PBXTargetDependency section */
		3B3FACFD2B8780B400BE59C8 /* PBXTargetDependency */ = {
			isa = PBXTargetDependency;
			target = 3B3FACE52B8780B100BE59C8 /* MovieDB */;
			targetProxy = 3B3FACFC2B8780B400BE59C8 /* PBXContainerItemProxy */;
		};
		3B3FAD072B8780B400BE59C8 /* PBXTargetDependency */ = {
			isa = PBXTargetDependency;
			target = 3B3FACE52B8780B100BE59C8 /* MovieDB */;
			targetProxy = 3B3FAD062B8780B400BE59C8 /* PBXContainerItemProxy */;
		};
/* End PBXTargetDependency section */

/* Begin XCBuildConfiguration section */
		3B3FAD0D2B8780B400BE59C8 /* Debug */ = {
			isa = XCBuildConfiguration;
			buildSettings = {
				ALWAYS_SEARCH_USER_PATHS = NO;
				ASSETCATALOG_COMPILER_GENERATE_SWIFT_ASSET_SYMBOL_EXTENSIONS = YES;
				CLANG_ANALYZER_NONNULL = YES;
				CLANG_ANALYZER_NUMBER_OBJECT_CONVERSION = YES_AGGRESSIVE;
				CLANG_CXX_LANGUAGE_STANDARD = "gnu++20";
				CLANG_ENABLE_MODULES = YES;
				CLANG_ENABLE_OBJC_ARC = YES;
				CLANG_ENABLE_OBJC_WEAK = YES;
				CLANG_WARN_BLOCK_CAPTURE_AUTORELEASING = YES;
				CLANG_WARN_BOOL_CONVERSION = YES;
				CLANG_WARN_COMMA = YES;
				CLANG_WARN_CONSTANT_CONVERSION = YES;
				CLANG_WARN_DEPRECATED_OBJC_IMPLEMENTATIONS = YES;
				CLANG_WARN_DIRECT_OBJC_ISA_USAGE = YES_ERROR;
				CLANG_WARN_DOCUMENTATION_COMMENTS = YES;
				CLANG_WARN_EMPTY_BODY = YES;
				CLANG_WARN_ENUM_CONVERSION = YES;
				CLANG_WARN_INFINITE_RECURSION = YES;
				CLANG_WARN_INT_CONVERSION = YES;
				CLANG_WARN_NON_LITERAL_NULL_CONVERSION = YES;
				CLANG_WARN_OBJC_IMPLICIT_RETAIN_SELF = YES;
				CLANG_WARN_OBJC_LITERAL_CONVERSION = YES;
				CLANG_WARN_OBJC_ROOT_CLASS = YES_ERROR;
				CLANG_WARN_QUOTED_INCLUDE_IN_FRAMEWORK_HEADER = YES;
				CLANG_WARN_RANGE_LOOP_ANALYSIS = YES;
				CLANG_WARN_STRICT_PROTOTYPES = YES;
				CLANG_WARN_SUSPICIOUS_MOVE = YES;
				CLANG_WARN_UNGUARDED_AVAILABILITY = YES_AGGRESSIVE;
				CLANG_WARN_UNREACHABLE_CODE = YES;
				CLANG_WARN__DUPLICATE_METHOD_MATCH = YES;
				COPY_PHASE_STRIP = NO;
				DEBUG_INFORMATION_FORMAT = dwarf;
				ENABLE_STRICT_OBJC_MSGSEND = YES;
				ENABLE_TESTABILITY = YES;
				ENABLE_USER_SCRIPT_SANDBOXING = YES;
				GCC_C_LANGUAGE_STANDARD = gnu17;
				GCC_DYNAMIC_NO_PIC = NO;
				GCC_NO_COMMON_BLOCKS = YES;
				GCC_OPTIMIZATION_LEVEL = 0;
				GCC_PREPROCESSOR_DEFINITIONS = (
					"DEBUG=1",
					"$(inherited)",
				);
				GCC_WARN_64_TO_32_BIT_CONVERSION = YES;
				GCC_WARN_ABOUT_RETURN_TYPE = YES_ERROR;
				GCC_WARN_UNDECLARED_SELECTOR = YES;
				GCC_WARN_UNINITIALIZED_AUTOS = YES_AGGRESSIVE;
				GCC_WARN_UNUSED_FUNCTION = YES;
				GCC_WARN_UNUSED_VARIABLE = YES;
				IPHONEOS_DEPLOYMENT_TARGET = 17.2;
				LOCALIZATION_PREFERS_STRING_CATALOGS = YES;
				MTL_ENABLE_DEBUG_INFO = INCLUDE_SOURCE;
				MTL_FAST_MATH = YES;
				ONLY_ACTIVE_ARCH = YES;
				SDKROOT = iphoneos;
				SWIFT_ACTIVE_COMPILATION_CONDITIONS = "DEBUG $(inherited)";
				SWIFT_OPTIMIZATION_LEVEL = "-Onone";
			};
			name = Debug;
		};
		3B3FAD0E2B8780B400BE59C8 /* Release */ = {
			isa = XCBuildConfiguration;
			buildSettings = {
				ALWAYS_SEARCH_USER_PATHS = NO;
				ASSETCATALOG_COMPILER_GENERATE_SWIFT_ASSET_SYMBOL_EXTENSIONS = YES;
				CLANG_ANALYZER_NONNULL = YES;
				CLANG_ANALYZER_NUMBER_OBJECT_CONVERSION = YES_AGGRESSIVE;
				CLANG_CXX_LANGUAGE_STANDARD = "gnu++20";
				CLANG_ENABLE_MODULES = YES;
				CLANG_ENABLE_OBJC_ARC = YES;
				CLANG_ENABLE_OBJC_WEAK = YES;
				CLANG_WARN_BLOCK_CAPTURE_AUTORELEASING = YES;
				CLANG_WARN_BOOL_CONVERSION = YES;
				CLANG_WARN_COMMA = YES;
				CLANG_WARN_CONSTANT_CONVERSION = YES;
				CLANG_WARN_DEPRECATED_OBJC_IMPLEMENTATIONS = YES;
				CLANG_WARN_DIRECT_OBJC_ISA_USAGE = YES_ERROR;
				CLANG_WARN_DOCUMENTATION_COMMENTS = YES;
				CLANG_WARN_EMPTY_BODY = YES;
				CLANG_WARN_ENUM_CONVERSION = YES;
				CLANG_WARN_INFINITE_RECURSION = YES;
				CLANG_WARN_INT_CONVERSION = YES;
				CLANG_WARN_NON_LITERAL_NULL_CONVERSION = YES;
				CLANG_WARN_OBJC_IMPLICIT_RETAIN_SELF = YES;
				CLANG_WARN_OBJC_LITERAL_CONVERSION = YES;
				CLANG_WARN_OBJC_ROOT_CLASS = YES_ERROR;
				CLANG_WARN_QUOTED_INCLUDE_IN_FRAMEWORK_HEADER = YES;
				CLANG_WARN_RANGE_LOOP_ANALYSIS = YES;
				CLANG_WARN_STRICT_PROTOTYPES = YES;
				CLANG_WARN_SUSPICIOUS_MOVE = YES;
				CLANG_WARN_UNGUARDED_AVAILABILITY = YES_AGGRESSIVE;
				CLANG_WARN_UNREACHABLE_CODE = YES;
				CLANG_WARN__DUPLICATE_METHOD_MATCH = YES;
				COPY_PHASE_STRIP = NO;
				DEBUG_INFORMATION_FORMAT = "dwarf-with-dsym";
				ENABLE_NS_ASSERTIONS = NO;
				ENABLE_STRICT_OBJC_MSGSEND = YES;
				ENABLE_USER_SCRIPT_SANDBOXING = YES;
				GCC_C_LANGUAGE_STANDARD = gnu17;
				GCC_NO_COMMON_BLOCKS = YES;
				GCC_WARN_64_TO_32_BIT_CONVERSION = YES;
				GCC_WARN_ABOUT_RETURN_TYPE = YES_ERROR;
				GCC_WARN_UNDECLARED_SELECTOR = YES;
				GCC_WARN_UNINITIALIZED_AUTOS = YES_AGGRESSIVE;
				GCC_WARN_UNUSED_FUNCTION = YES;
				GCC_WARN_UNUSED_VARIABLE = YES;
				IPHONEOS_DEPLOYMENT_TARGET = 17.2;
				LOCALIZATION_PREFERS_STRING_CATALOGS = YES;
				MTL_ENABLE_DEBUG_INFO = NO;
				MTL_FAST_MATH = YES;
				SDKROOT = iphoneos;
				SWIFT_COMPILATION_MODE = wholemodule;
				VALIDATE_PRODUCT = YES;
			};
			name = Release;
		};
		3B3FAD102B8780B400BE59C8 /* Debug */ = {
			isa = XCBuildConfiguration;
			baseConfigurationReference = 3BC2D2542B9277D500D2762D /* Secrets.xcconfig */;
			buildSettings = {
				ASSETCATALOG_COMPILER_APPICON_NAME = AppIcon;
				ASSETCATALOG_COMPILER_GLOBAL_ACCENT_COLOR_NAME = AccentColor;
				CODE_SIGN_STYLE = Automatic;
				CURRENT_PROJECT_VERSION = 1;
				DEVELOPMENT_ASSET_PATHS = "\"MovieDB/Preview Content\"";
				DEVELOPMENT_TEAM = UMC7VWP5JF;
				ENABLE_PREVIEWS = YES;
				GENERATE_INFOPLIST_FILE = YES;
				INFOPLIST_FILE = MovieDB/Info.plist;
				INFOPLIST_KEY_UIApplicationSceneManifest_Generation = YES;
				INFOPLIST_KEY_UIApplicationSupportsIndirectInputEvents = YES;
				INFOPLIST_KEY_UILaunchScreen_Generation = YES;
				INFOPLIST_KEY_UISupportedInterfaceOrientations_iPad = "UIInterfaceOrientationPortrait UIInterfaceOrientationPortraitUpsideDown UIInterfaceOrientationLandscapeLeft UIInterfaceOrientationLandscapeRight";
				INFOPLIST_KEY_UISupportedInterfaceOrientations_iPhone = "UIInterfaceOrientationPortrait UIInterfaceOrientationLandscapeLeft UIInterfaceOrientationLandscapeRight";
				IPHONEOS_DEPLOYMENT_TARGET = 16.0;
				LD_RUNPATH_SEARCH_PATHS = (
					"$(inherited)",
					"@executable_path/Frameworks",
				);
				MARKETING_VERSION = 1.0;
				PRODUCT_BUNDLE_IDENTIFIER = com.nino.MovieDB;
				PRODUCT_NAME = "$(TARGET_NAME)";
				SWIFT_EMIT_LOC_STRINGS = YES;
				SWIFT_VERSION = 5.0;
				TARGETED_DEVICE_FAMILY = "1,2";
			};
			name = Debug;
		};
		3B3FAD112B8780B400BE59C8 /* Release */ = {
			isa = XCBuildConfiguration;
			baseConfigurationReference = 3BC2D2542B9277D500D2762D /* Secrets.xcconfig */;
			buildSettings = {
				ASSETCATALOG_COMPILER_APPICON_NAME = AppIcon;
				ASSETCATALOG_COMPILER_GLOBAL_ACCENT_COLOR_NAME = AccentColor;
				CODE_SIGN_STYLE = Automatic;
				CURRENT_PROJECT_VERSION = 1;
				DEVELOPMENT_ASSET_PATHS = "\"MovieDB/Preview Content\"";
				DEVELOPMENT_TEAM = UMC7VWP5JF;
				ENABLE_PREVIEWS = YES;
				GENERATE_INFOPLIST_FILE = YES;
				INFOPLIST_FILE = MovieDB/Info.plist;
				INFOPLIST_KEY_UIApplicationSceneManifest_Generation = YES;
				INFOPLIST_KEY_UIApplicationSupportsIndirectInputEvents = YES;
				INFOPLIST_KEY_UILaunchScreen_Generation = YES;
				INFOPLIST_KEY_UISupportedInterfaceOrientations_iPad = "UIInterfaceOrientationPortrait UIInterfaceOrientationPortraitUpsideDown UIInterfaceOrientationLandscapeLeft UIInterfaceOrientationLandscapeRight";
				INFOPLIST_KEY_UISupportedInterfaceOrientations_iPhone = "UIInterfaceOrientationPortrait UIInterfaceOrientationLandscapeLeft UIInterfaceOrientationLandscapeRight";
				IPHONEOS_DEPLOYMENT_TARGET = 16.0;
				LD_RUNPATH_SEARCH_PATHS = (
					"$(inherited)",
					"@executable_path/Frameworks",
				);
				MARKETING_VERSION = 1.0;
				PRODUCT_BUNDLE_IDENTIFIER = com.nino.MovieDB;
				PRODUCT_NAME = "$(TARGET_NAME)";
				SWIFT_EMIT_LOC_STRINGS = YES;
				SWIFT_VERSION = 5.0;
				TARGETED_DEVICE_FAMILY = "1,2";
			};
			name = Release;
		};
		3B3FAD132B8780B400BE59C8 /* Debug */ = {
			isa = XCBuildConfiguration;
			buildSettings = {
				ALWAYS_EMBED_SWIFT_STANDARD_LIBRARIES = YES;
				BUNDLE_LOADER = "$(TEST_HOST)";
				CODE_SIGN_STYLE = Automatic;
				CURRENT_PROJECT_VERSION = 1;
				DEVELOPMENT_TEAM = UMC7VWP5JF;
				GENERATE_INFOPLIST_FILE = YES;
				IPHONEOS_DEPLOYMENT_TARGET = 17.2;
				MARKETING_VERSION = 1.0;
				PRODUCT_BUNDLE_IDENTIFIER = com.nino.MovieDBTests;
				PRODUCT_NAME = "$(TARGET_NAME)";
				SWIFT_EMIT_LOC_STRINGS = NO;
				SWIFT_VERSION = 5.0;
				TARGETED_DEVICE_FAMILY = "1,2";
				TEST_HOST = "$(BUILT_PRODUCTS_DIR)/MovieDB.app/$(BUNDLE_EXECUTABLE_FOLDER_PATH)/MovieDB";
			};
			name = Debug;
		};
		3B3FAD142B8780B400BE59C8 /* Release */ = {
			isa = XCBuildConfiguration;
			buildSettings = {
				ALWAYS_EMBED_SWIFT_STANDARD_LIBRARIES = YES;
				BUNDLE_LOADER = "$(TEST_HOST)";
				CODE_SIGN_STYLE = Automatic;
				CURRENT_PROJECT_VERSION = 1;
				DEVELOPMENT_TEAM = UMC7VWP5JF;
				GENERATE_INFOPLIST_FILE = YES;
				IPHONEOS_DEPLOYMENT_TARGET = 17.2;
				MARKETING_VERSION = 1.0;
				PRODUCT_BUNDLE_IDENTIFIER = com.nino.MovieDBTests;
				PRODUCT_NAME = "$(TARGET_NAME)";
				SWIFT_EMIT_LOC_STRINGS = NO;
				SWIFT_VERSION = 5.0;
				TARGETED_DEVICE_FAMILY = "1,2";
				TEST_HOST = "$(BUILT_PRODUCTS_DIR)/MovieDB.app/$(BUNDLE_EXECUTABLE_FOLDER_PATH)/MovieDB";
			};
			name = Release;
		};
		3B3FAD162B8780B400BE59C8 /* Debug */ = {
			isa = XCBuildConfiguration;
			buildSettings = {
				ALWAYS_EMBED_SWIFT_STANDARD_LIBRARIES = YES;
				CODE_SIGN_STYLE = Automatic;
				CURRENT_PROJECT_VERSION = 1;
				DEVELOPMENT_TEAM = UMC7VWP5JF;
				GENERATE_INFOPLIST_FILE = YES;
				MARKETING_VERSION = 1.0;
				PRODUCT_BUNDLE_IDENTIFIER = com.nino.MovieDBUITests;
				PRODUCT_NAME = "$(TARGET_NAME)";
				SWIFT_EMIT_LOC_STRINGS = NO;
				SWIFT_VERSION = 5.0;
				TARGETED_DEVICE_FAMILY = "1,2";
				TEST_TARGET_NAME = MovieDB;
			};
			name = Debug;
		};
		3B3FAD172B8780B400BE59C8 /* Release */ = {
			isa = XCBuildConfiguration;
			buildSettings = {
				ALWAYS_EMBED_SWIFT_STANDARD_LIBRARIES = YES;
				CODE_SIGN_STYLE = Automatic;
				CURRENT_PROJECT_VERSION = 1;
				DEVELOPMENT_TEAM = UMC7VWP5JF;
				GENERATE_INFOPLIST_FILE = YES;
				MARKETING_VERSION = 1.0;
				PRODUCT_BUNDLE_IDENTIFIER = com.nino.MovieDBUITests;
				PRODUCT_NAME = "$(TARGET_NAME)";
				SWIFT_EMIT_LOC_STRINGS = NO;
				SWIFT_VERSION = 5.0;
				TARGETED_DEVICE_FAMILY = "1,2";
				TEST_TARGET_NAME = MovieDB;
			};
			name = Release;
		};
/* End XCBuildConfiguration section */

/* Begin XCConfigurationList section */
		3B3FACE12B8780B100BE59C8 /* Build configuration list for PBXProject "MovieDB" */ = {
			isa = XCConfigurationList;
			buildConfigurations = (
				3B3FAD0D2B8780B400BE59C8 /* Debug */,
				3B3FAD0E2B8780B400BE59C8 /* Release */,
			);
			defaultConfigurationIsVisible = 0;
			defaultConfigurationName = Release;
		};
		3B3FAD0F2B8780B400BE59C8 /* Build configuration list for PBXNativeTarget "MovieDB" */ = {
			isa = XCConfigurationList;
			buildConfigurations = (
				3B3FAD102B8780B400BE59C8 /* Debug */,
				3B3FAD112B8780B400BE59C8 /* Release */,
			);
			defaultConfigurationIsVisible = 0;
			defaultConfigurationName = Release;
		};
		3B3FAD122B8780B400BE59C8 /* Build configuration list for PBXNativeTarget "MovieDBTests" */ = {
			isa = XCConfigurationList;
			buildConfigurations = (
				3B3FAD132B8780B400BE59C8 /* Debug */,
				3B3FAD142B8780B400BE59C8 /* Release */,
			);
			defaultConfigurationIsVisible = 0;
			defaultConfigurationName = Release;
		};
		3B3FAD152B8780B400BE59C8 /* Build configuration list for PBXNativeTarget "MovieDBUITests" */ = {
			isa = XCConfigurationList;
			buildConfigurations = (
				3B3FAD162B8780B400BE59C8 /* Debug */,
				3B3FAD172B8780B400BE59C8 /* Release */,
			);
			defaultConfigurationIsVisible = 0;
			defaultConfigurationName = Release;
		};
/* End XCConfigurationList section */

/* Begin XCSwiftPackageProductDependency section */
		3B2763CA2B895EC8002DB24C /* MoviesFeature */ = {
			isa = XCSwiftPackageProductDependency;
			productName = MoviesFeature;
		};
		3B2764072B8CC946002DB24C /* Routing */ = {
			isa = XCSwiftPackageProductDependency;
			productName = Routing;
		};
		3B27640A2B8D196F002DB24C /* Details */ = {
			isa = XCSwiftPackageProductDependency;
			productName = Details;
		};
		3B881BB12BA7228C00D01052 /* WatchlistFeature */ = {
			isa = XCSwiftPackageProductDependency;
			productName = WatchlistFeature;
		};
		3B9BA9EF2B94BEAA00277956 /* SeriesFeature */ = {
			isa = XCSwiftPackageProductDependency;
			productName = SeriesFeature;
		};
		3B9BA9F52B94D5D200277956 /* SearchFeature */ = {
			isa = XCSwiftPackageProductDependency;
			productName = SearchFeature;
		};
		3BC2D24E2B8FA61C00D2762D /* Utilities */ = {
			isa = XCSwiftPackageProductDependency;
			productName = Utilities;
		};
		3BCD21DC2B88CABE00130BF5 /* Dependencies */ = {
			isa = XCSwiftPackageProductDependency;
			productName = Dependencies;
		};
		3BCD21DE2B88CABE00130BF5 /* Networking */ = {
			isa = XCSwiftPackageProductDependency;
			productName = Networking;
		};
		3BCD21E02B88CABE00130BF5 /* Storage */ = {
			isa = XCSwiftPackageProductDependency;
			productName = Storage;
		};
		3BCD21E22B88CABE00130BF5 /* UIComponents */ = {
			isa = XCSwiftPackageProductDependency;
			productName = UIComponents;
		};
		3BCD21EA2B88EB0B00130BF5 /* Core */ = {
			isa = XCSwiftPackageProductDependency;
			productName = Core;
		};
/* End XCSwiftPackageProductDependency section */
	};
	rootObject = 3B3FACDE2B8780B100BE59C8 /* Project object */;
}
